
Microsoft Visual Studio Solution File, Format Version 12.00
# Visual Studio 15
VisualStudioVersion = 15.0.26730.8
MinimumVisualStudioVersion = 10.0.40219.1
Project("{FAE04EC0-301F-11D3-BF4B-00C04F79EFBC}") = "Employees", "Employees\Employees.csproj", "{F25CE8A9-BFBD-4277-A79E-C9B2025787FB}"
EndProject
Global
	GlobalSection(SolutionConfigurationPlatforms) = preSolution
		Debug|Any CPU = Debug|Any CPU
		Release|Any CPU = Release|Any CPU
	EndGlobalSection
	GlobalSection(ProjectConfigurationPlatforms) = postSolution
		{F25CE8A9-BFBD-4277-A79E-C9B2025787FB}.Debug|Any CPU.ActiveCfg = Debug|Any CPU
		{F25CE8A9-BFBD-4277-A79E-C9B2025787FB}.Debug|Any CPU.Build.0 = Debug|Any CPU
		{F25CE8A9-BFBD-4277-A79E-C9B2025787FB}.Release|Any CPU.ActiveCfg = Release|Any CPU
		{F25CE8A9-BFBD-4277-A79E-C9B2025787FB}.Release|Any CPU.Build.0 = Release|Any CPU
	EndGlobalSection
	GlobalSection(SolutionProperties) = preSolution
		HideSolutionNode = FALSE
	EndGlobalSection
	GlobalSection(ExtensibilityGlobals) = postSolution
		SolutionGuid = {477BB835-BC53-4A2B-A892-DBD5C3F71F56}
	EndGlobalSection
EndGlobal
